
Microsoft Visual Studio Solution File, Format Version 12.00
# Visual Studio Version 16
VisualStudioVersion = 16.0.30204.135
MinimumVisualStudioVersion = 10.0.40219.1
Project("{9A19103F-16F7-4668-BE54-9A1E7A4F7556}") = "ApiSolvex", "ApiSolvex\ApiSolvex.csproj", "{F45BAD8B-ACB5-4277-9745-08D3206A192E}"
EndProject
Project("{FAE04EC0-301F-11D3-BF4B-00C04F79EFBC}") = "Service", "Service\Service.csproj", "{961B9A4F-DF5E-4174-A5D5-5E3A09B1D7C2}"
EndProject
Project("{FAE04EC0-301F-11D3-BF4B-00C04F79EFBC}") = "Model", "Model\Model.csproj", "{982984D6-F574-43B7-95D7-58AE08EBAB39}"
EndProject
Project("{FAE04EC0-301F-11D3-BF4B-00C04F79EFBC}") = "Persistence", "Persistence\Persistence.csproj", "{E4B088DF-1F75-4EBE-AAD2-D466135CE167}"
EndProject
Global
	GlobalSection(SolutionConfigurationPlatforms) = preSolution
		Debug|Any CPU = Debug|Any CPU
		Release|Any CPU = Release|Any CPU
	EndGlobalSection
	GlobalSection(ProjectConfigurationPlatforms) = postSolution
		{F45BAD8B-ACB5-4277-9745-08D3206A192E}.Debug|Any CPU.ActiveCfg = Debug|Any CPU
		{F45BAD8B-ACB5-4277-9745-08D3206A192E}.Debug|Any CPU.Build.0 = Debug|Any CPU
		{F45BAD8B-ACB5-4277-9745-08D3206A192E}.Release|Any CPU.ActiveCfg = Release|Any CPU
		{F45BAD8B-ACB5-4277-9745-08D3206A192E}.Release|Any CPU.Build.0 = Release|Any CPU
		{961B9A4F-DF5E-4174-A5D5-5E3A09B1D7C2}.Debug|Any CPU.ActiveCfg = Debug|Any CPU
		{961B9A4F-DF5E-4174-A5D5-5E3A09B1D7C2}.Debug|Any CPU.Build.0 = Debug|Any CPU
		{961B9A4F-DF5E-4174-A5D5-5E3A09B1D7C2}.Release|Any CPU.ActiveCfg = Release|Any CPU
		{961B9A4F-DF5E-4174-A5D5-5E3A09B1D7C2}.Release|Any CPU.Build.0 = Release|Any CPU
		{982984D6-F574-43B7-95D7-58AE08EBAB39}.Debug|Any CPU.ActiveCfg = Debug|Any CPU
		{982984D6-F574-43B7-95D7-58AE08EBAB39}.Debug|Any CPU.Build.0 = Debug|Any CPU
		{982984D6-F574-43B7-95D7-58AE08EBAB39}.Release|Any CPU.ActiveCfg = Release|Any CPU
		{982984D6-F574-43B7-95D7-58AE08EBAB39}.Release|Any CPU.Build.0 = Release|Any CPU
		{E4B088DF-1F75-4EBE-AAD2-D466135CE167}.Debug|Any CPU.ActiveCfg = Debug|Any CPU
		{E4B088DF-1F75-4EBE-AAD2-D466135CE167}.Debug|Any CPU.Build.0 = Debug|Any CPU
		{E4B088DF-1F75-4EBE-AAD2-D466135CE167}.Release|Any CPU.ActiveCfg = Release|Any CPU
		{E4B088DF-1F75-4EBE-AAD2-D466135CE167}.Release|Any CPU.Build.0 = Release|Any CPU
	EndGlobalSection
	GlobalSection(SolutionProperties) = preSolution
		HideSolutionNode = FALSE
	EndGlobalSection
	GlobalSection(ExtensibilityGlobals) = postSolution
		SolutionGuid = {D2DBC972-B6D7-4822-913F-FCDCBCC9EDD3}
	EndGlobalSection
EndGlobal
